
Microsoft Visual Studio Solution File, Format Version 12.00
# Visual Studio Version 17
VisualStudioVersion = 17.0.31903.59
MinimumVisualStudioVersion = 10.0.40219.1
Project("{FAE04EC0-301F-11D3-BF4B-00C04F79EFBC}") = "Projectly.Domain", "Projectly.Domain\Projectly.Domain.csproj", "{13D8ED9F-E974-4DA0-9CA2-0C3C7A749972}"
EndProject
Project("{FAE04EC0-301F-11D3-BF4B-00C04F79EFBC}") = "Projectly.Application", "Projectly.Application\Projectly.Application.csproj", "{CE4BBEA3-BA5C-4170-A345-374A6765C5C7}"
EndProject
Project("{FAE04EC0-301F-11D3-BF4B-00C04F79EFBC}") = "Projectly.Infrastructure", "Projectly.Infrastructure\Projectly.Infrastructure.csproj", "{087E1B1A-C94D-43AE-9648-12EE7EBD279E}"
EndProject
Project("{FAE04EC0-301F-11D3-BF4B-00C04F79EFBC}") = "Projectly.Api", "Projectly.Api\Projectly.Api.csproj", "{78B15A8F-F1EF-4D2F-96C2-C4D01B39DF78}"
EndProject
Global
	GlobalSection(SolutionConfigurationPlatforms) = preSolution
		Debug|Any CPU = Debug|Any CPU
		Debug|x64 = Debug|x64
		Debug|x86 = Debug|x86
		Release|Any CPU = Release|Any CPU
		Release|x64 = Release|x64
		Release|x86 = Release|x86
	EndGlobalSection
	GlobalSection(ProjectConfigurationPlatforms) = postSolution
		{13D8ED9F-E974-4DA0-9CA2-0C3C7A749972}.Debug|Any CPU.ActiveCfg = Debug|Any CPU
		{13D8ED9F-E974-4DA0-9CA2-0C3C7A749972}.Debug|Any CPU.Build.0 = Debug|Any CPU
		{13D8ED9F-E974-4DA0-9CA2-0C3C7A749972}.Debug|x64.ActiveCfg = Debug|Any CPU
		{13D8ED9F-E974-4DA0-9CA2-0C3C7A749972}.Debug|x64.Build.0 = Debug|Any CPU
		{13D8ED9F-E974-4DA0-9CA2-0C3C7A749972}.Debug|x86.ActiveCfg = Debug|Any CPU
		{13D8ED9F-E974-4DA0-9CA2-0C3C7A749972}.Debug|x86.Build.0 = Debug|Any CPU
		{13D8ED9F-E974-4DA0-9CA2-0C3C7A749972}.Release|Any CPU.ActiveCfg = Release|Any CPU
		{13D8ED9F-E974-4DA0-9CA2-0C3C7A749972}.Release|Any CPU.Build.0 = Release|Any CPU
		{13D8ED9F-E974-4DA0-9CA2-0C3C7A749972}.Release|x64.ActiveCfg = Release|Any CPU
		{13D8ED9F-E974-4DA0-9CA2-0C3C7A749972}.Release|x64.Build.0 = Release|Any CPU
		{13D8ED9F-E974-4DA0-9CA2-0C3C7A749972}.Release|x86.ActiveCfg = Release|Any CPU
		{13D8ED9F-E974-4DA0-9CA2-0C3C7A749972}.Release|x86.Build.0 = Release|Any CPU
		{CE4BBEA3-BA5C-4170-A345-374A6765C5C7}.Debug|Any CPU.ActiveCfg = Debug|Any CPU
		{CE4BBEA3-BA5C-4170-A345-374A6765C5C7}.Debug|Any CPU.Build.0 = Debug|Any CPU
		{CE4BBEA3-BA5C-4170-A345-374A6765C5C7}.Debug|x64.ActiveCfg = Debug|Any CPU
		{CE4BBEA3-BA5C-4170-A345-374A6765C5C7}.Debug|x64.Build.0 = Debug|Any CPU
		{CE4BBEA3-BA5C-4170-A345-374A6765C5C7}.Debug|x86.ActiveCfg = Debug|Any CPU
		{CE4BBEA3-BA5C-4170-A345-374A6765C5C7}.Debug|x86.Build.0 = Debug|Any CPU
		{CE4BBEA3-BA5C-4170-A345-374A6765C5C7}.Release|Any CPU.ActiveCfg = Release|Any CPU
		{CE4BBEA3-BA5C-4170-A345-374A6765C5C7}.Release|Any CPU.Build.0 = Release|Any CPU
		{CE4BBEA3-BA5C-4170-A345-374A6765C5C7}.Release|x64.ActiveCfg = Release|Any CPU
		{CE4BBEA3-BA5C-4170-A345-374A6765C5C7}.Release|x64.Build.0 = Release|Any CPU
		{CE4BBEA3-BA5C-4170-A345-374A6765C5C7}.Release|x86.ActiveCfg = Release|Any CPU
		{CE4BBEA3-BA5C-4170-A345-374A6765C5C7}.Release|x86.Build.0 = Release|Any CPU
		{087E1B1A-C94D-43AE-9648-12EE7EBD279E}.Debug|Any CPU.ActiveCfg = Debug|Any CPU
		{087E1B1A-C94D-43AE-9648-12EE7EBD279E}.Debug|Any CPU.Build.0 = Debug|Any CPU
		{087E1B1A-C94D-43AE-9648-12EE7EBD279E}.Debug|x64.ActiveCfg = Debug|Any CPU
		{087E1B1A-C94D-43AE-9648-12EE7EBD279E}.Debug|x64.Build.0 = Debug|Any CPU
		{087E1B1A-C94D-43AE-9648-12EE7EBD279E}.Debug|x86.ActiveCfg = Debug|Any CPU
		{087E1B1A-C94D-43AE-9648-12EE7EBD279E}.Debug|x86.Build.0 = Debug|Any CPU
		{087E1B1A-C94D-43AE-9648-12EE7EBD279E}.Release|Any CPU.ActiveCfg = Release|Any CPU
		{087E1B1A-C94D-43AE-9648-12EE7EBD279E}.Release|Any CPU.Build.0 = Release|Any CPU
		{087E1B1A-C94D-43AE-9648-12EE7EBD279E}.Release|x64.ActiveCfg = Release|Any CPU
		{087E1B1A-C94D-43AE-9648-12EE7EBD279E}.Release|x64.Build.0 = Release|Any CPU
		{087E1B1A-C94D-43AE-9648-12EE7EBD279E}.Release|x86.ActiveCfg = Release|Any CPU
		{087E1B1A-C94D-43AE-9648-12EE7EBD279E}.Release|x86.Build.0 = Release|Any CPU
		{78B15A8F-F1EF-4D2F-96C2-C4D01B39DF78}.Debug|Any CPU.ActiveCfg = Debug|Any CPU
		{78B15A8F-F1EF-4D2F-96C2-C4D01B39DF78}.Debug|Any CPU.Build.0 = Debug|Any CPU
		{78B15A8F-F1EF-4D2F-96C2-C4D01B39DF78}.Debug|x64.ActiveCfg = Debug|Any CPU
		{78B15A8F-F1EF-4D2F-96C2-C4D01B39DF78}.Debug|x64.Build.0 = Debug|Any CPU
		{78B15A8F-F1EF-4D2F-96C2-C4D01B39DF78}.Debug|x86.ActiveCfg = Debug|Any CPU
		{78B15A8F-F1EF-4D2F-96C2-C4D01B39DF78}.Debug|x86.Build.0 = Debug|Any CPU
		{78B15A8F-F1EF-4D2F-96C2-C4D01B39DF78}.Release|Any CPU.ActiveCfg = Release|Any CPU
		{78B15A8F-F1EF-4D2F-96C2-C4D01B39DF78}.Release|Any CPU.Build.0 = Release|Any CPU
		{78B15A8F-F1EF-4D2F-96C2-C4D01B39DF78}.Release|x64.ActiveCfg = Release|Any CPU
		{78B15A8F-F1EF-4D2F-96C2-C4D01B39DF78}.Release|x64.Build.0 = Release|Any CPU
		{78B15A8F-F1EF-4D2F-96C2-C4D01B39DF78}.Release|x86.ActiveCfg = Release|Any CPU
		{78B15A8F-F1EF-4D2F-96C2-C4D01B39DF78}.Release|x86.Build.0 = Release|Any CPU
	EndGlobalSection
	GlobalSection(SolutionProperties) = preSolution
		HideSolutionNode = FALSE
	EndGlobalSection
EndGlobal
